{
  "name": "discord-auto-publisher",
  "lockfileVersion": 3,
  "requires": true,
  "packages": {
    "apps/backend": {
      "extraneous": true
    },
    "apps/bot": {
      "extraneous": true
    },
    "apps/web": {
      "extraneous": true
    },
    "packages/api-types": {
      "extraneous": true
    },
    "packages/config": {
      "extraneous": true
    },
    "packages/database": {
      "extraneous": true
    },
    "packages/express": {
      "extraneous": true
    },
    "packages/logger": {
      "extraneous": true
    },
    "packages/redis": {
      "extraneous": true
    },
    "packages/utils": {
      "extraneous": true
    },
    "packages/validations": {
      "extraneous": true
    }
  }
}
